{
  "name": "@ovh-ux/manager-enterprise-cloud-database",
  "version": "0.0.1",
  "lockfileVersion": 1,
  "requires": true,
  "dependencies": {
    "flag-icon-css": {
      "version": "3.2.0",
      "resolved": "https://registry.npmjs.org/flag-icon-css/-/flag-icon-css-3.2.0.tgz",
      "integrity": "sha512-XwbQgswfJ19jVrYL92+MKK3HJfIG+6lC8oifaG6mOtahWaXHbDFXQ7UVbw1+I+zidM1azOD8aFC0DO+xZzK0Xg=="
    }
  }
}
